PODS:
  - AFNetworking (2.3.1):
    - AFNetworking/NSURLConnection (= 2.3.1)
    - AFNetworking/NSURLSession (= 2.3.1)
    - AFNetworking/Reachability (= 2.3.1)
    - AFNetworking/Security (= 2.3.1)
    - AFNetworking/Serialization (= 2.3.1)
    - AFNetworking/UIKit (= 2.3.1)
  - AFNetworking/NSURLConnection (2.3.1):
    - AFNetworking/Reachability
    - AFNetworking/Security
    - AFNetworking/Serialization
  - AFNetworking/NSURLSession (2.3.1):
    - AFNetworking/Reachability
    - AFNetworking/Security
    - AFNetworking/Serialization
  - AFNetworking/Reachability (2.3.1)
  - AFNetworking/Security (2.3.1)
  - AFNetworking/Serialization (2.3.1)
  - AFNetworking/UIKit (2.3.1):
    - AFNetworking/NSURLConnection
    - AFNetworking/NSURLSession
  - Aspects (1.4.1)
  - AXPracticalHUD (1.0.7)
  - CocoaLumberjack (1.9.2):
    - CocoaLumberjack/Extensions (= 1.9.2)
  - CocoaLumberjack/Core (1.9.2)
  - CocoaLumberjack/Extensions (1.9.2):
    - CocoaLumberjack/Core
  - CocoaSecurity (1.2.4)
  - FMDB (2.6.2):
    - FMDB/standard (= 2.6.2)
  - FMDB/standard (2.6.2)
  - JDStatusBarNotification (1.5.3)
  - JSBadgeView (1.4.1)
  - JSONModel (1.2.0)
  - Mantle (1.5.7):
    - Mantle/extobjc (= 1.5.7)
  - Mantle/extobjc (1.5.7)
  - Masonry (0.5.3)
  - MBProgressHUD (0.9.2)
  - MJExtension (3.0.10)
  - NJKWebViewProgress (0.2.3):
    - NJKWebViewProgress/Core (= 0.2.3)
    - NJKWebViewProgress/ProgressView (= 0.2.3)
  - NJKWebViewProgress/Core (0.2.3)
  - NJKWebViewProgress/ProgressView (0.2.3)
  - NSString-UrlEncode (1.1.0)
  - pop (1.0.9)
  - RegexKitLite (4.0)
  - RTLabel (1.0.1)
  - SDWebImage (3.7.6):
    - SDWebImage/Core (= 3.7.6)
  - SDWebImage/Core (3.7.6)
  - SVProgressHUD (2.0.3)
  - Toast (3.0)

DEPENDENCIES:
  - AFNetworking (~> 2.3.1)
  - Aspects
  - AXPracticalHUD
  - CocoaLumberjack (~> 1.9.2)
  - CocoaSecurity (~> 1.2.4)
  - FMDB (~> 2.3)
  - JDStatusBarNotification
  - JSBadgeView
  - JSONModel
  - Mantle (~> 1.5)
  - Masonry (~> 0.5.3)
  - MBProgressHUD
  - MJExtension
  - NJKWebViewProgress
  - NSString-UrlEncode (~> 1.1.0)
  - pop (~> 1.0)
  - RegexKitLite
  - RTLabel
  - SDWebImage
  - SVProgressHUD
  - Toast

SPEC REPOS:
  https://gitcafe.com/akuandev/Specs.git:
    - AFNetworking
    - Aspects
    - AXPracticalHUD
    - CocoaLumberjack
    - CocoaSecurity
    - FMDB
    - JDStatusBarNotification
    - JSBadgeView
    - JSONModel
    - Mantle
    - Masonry
    - MBProgressHUD
    - MJExtension
    - NJKWebViewProgress
    - NSString-UrlEncode
    - pop
    - RegexKitLite
    - RTLabel
    - SDWebImage
    - SVProgressHUD
    - Toast

SPEC CHECKSUMS:
  AFNetworking: 05b9f6e3aa5ac45bc383b4bb108ef338080a26c7
  Aspects: 7595ba96a6727a58ebcbfc954497fc5d2fdde546
  AXPracticalHUD: b0a87276b9830b98ad79c4178f59717b777cfdcc
  CocoaLumberjack: 628fca2e88ef06f7cf6817309aa405f325d9a6fa
  CocoaSecurity: d288a6f87e0f363823d2cb83e753814a6944f71a
  FMDB: 854a0341b4726e53276f2a8996f06f1b80f9259a
  JDStatusBarNotification: 29413865af11c862c17180610b0f46a21118b412
  JSBadgeView: 3861ddee41094284d9468e6d0af5107f703aaac5
  JSONModel: 12523685c4b623553ccf844bbbf7007624317b2c
  Mantle: 4af47cf9547a4d0ad145a48cd0be3b411a5ae2b8
  Masonry: 9f515466afe48632562342a40a1c224071a1a022
  MBProgressHUD: 1569cf7ace17a8bac47aabfbb8580a49690386d1
  MJExtension: d86aacb740c87519d20e3cca55b6fa4be6cc7548
  NJKWebViewProgress: f481fd424cb5ecc27eacae11b5397db92fba9a4d
  NSString-UrlEncode: 9f7bf066d98c4e6ac664ae92a215037224ad43f7
  pop: f667631a5108a2e60d9e8797c9b32ddaf2080bce
  RegexKitLite: c0e4c12e6e7de0769f3a3ed679f0f61604170661
  RTLabel: 6005d07fef57b101097c4271f804daae3110cbca
  SDWebImage: c325cf02c30337336b95beff20a13df489ec0ec9
  SVProgressHUD: b0830714205bea1317ea1a2ebc71e5633af334d4
  Toast: 32c59229abfcf41850162b83bb9259dc84372473

PODFILE CHECKSUM: ee2ef09b6b620b2269ebade3b0fae5ecdc56a6aa

COCOAPODS: 1.5.3
